Microsoft Visual Studio Solution File, Format Version 12.00
# Visual Studio Version 18
VisualStudioVersion = 18.0.0.0
MinimumVisualStudioVersion = 10.0.40219.1
Project("{8BC9CEB8-8B4A-11D0-8D11-00A0C91BC942}") = "00_Foundation", "00_Foundation\00_Foundation.vcxproj", "{30960D57-0983-50E3-8847-AA3E9961FA22}"
EndProject
Project("{8BC9CEB8-8B4A-11D0-8D11-00A0C91BC942}") = "09_FrozenPackageCore", "09_FrozenPackageCore\09_FrozenPackageCore.vcxproj", "{BD0B0FE4-8C5A-5A01-99B1-1794D98C856E}"
EndProject
Project("{8BC9CEB8-8B4A-11D0-8D11-00A0C91BC942}") = "16_FrozenCompositionArtifact", "16_FrozenCompositionArtifact\16_FrozenCompositionArtifact.vcxproj", "{5F3E9721-76E2-5059-9BB5-228716058B00}"
EndProject
Project("{8BC9CEB8-8B4A-11D0-8D11-00A0C91BC942}") = "46_CanonicalCompositionArtifactTests", "46_CanonicalCompositionArtifactTests\46_CanonicalCompositionArtifactTests.vcxproj", "{BC9E7704-F1A4-5990-AFF1-E02526BD8E34}"
EndProject
Global
	GlobalSection(SolutionConfigurationPlatforms) = preSolution
		Debug|x64 = Debug|x64
		Release|x64 = Release|x64
	EndGlobalSection
	GlobalSection(ProjectConfigurationPlatforms) = postSolution
		{30960D57-0983-50E3-8847-AA3E9961FA22}.Debug|x64.ActiveCfg = Debug|x64
		{30960D57-0983-50E3-8847-AA3E9961FA22}.Debug|x64.Build.0 = Debug|x64
		{30960D57-0983-50E3-8847-AA3E9961FA22}.Release|x64.ActiveCfg = Release|x64
		{30960D57-0983-50E3-8847-AA3E9961FA22}.Release|x64.Build.0 = Release|x64
		{BD0B0FE4-8C5A-5A01-99B1-1794D98C856E}.Debug|x64.ActiveCfg = Debug|x64
		{BD0B0FE4-8C5A-5A01-99B1-1794D98C856E}.Debug|x64.Build.0 = Debug|x64
		{BD0B0FE4-8C5A-5A01-99B1-1794D98C856E}.Release|x64.ActiveCfg = Release|x64
		{BD0B0FE4-8C5A-5A01-99B1-1794D98C856E}.Release|x64.Build.0 = Release|x64
		{5F3E9721-76E2-5059-9BB5-228716058B00}.Debug|x64.ActiveCfg = Debug|x64
		{5F3E9721-76E2-5059-9BB5-228716058B00}.Debug|x64.Build.0 = Debug|x64
		{5F3E9721-76E2-5059-9BB5-228716058B00}.Release|x64.ActiveCfg = Release|x64
		{5F3E9721-76E2-5059-9BB5-228716058B00}.Release|x64.Build.0 = Release|x64
		{BC9E7704-F1A4-5990-AFF1-E02526BD8E34}.Debug|x64.ActiveCfg = Debug|x64
		{BC9E7704-F1A4-5990-AFF1-E02526BD8E34}.Debug|x64.Build.0 = Debug|x64
		{BC9E7704-F1A4-5990-AFF1-E02526BD8E34}.Release|x64.ActiveCfg = Release|x64
		{BC9E7704-F1A4-5990-AFF1-E02526BD8E34}.Release|x64.Build.0 = Release|x64
	EndGlobalSection
	GlobalSection(SolutionProperties) = preSolution
		HideSolutionNode = FALSE
	EndGlobalSection
EndGlobal
