Microsoft Visual Studio Solution File, Format Version 12.00
# Visual Studio Version 18
VisualStudioVersion = 18.0.0.0
MinimumVisualStudioVersion = 10.0.40219.1
Project("{BC8A1FFA-BEE3-4634-8014-F334798102B3}") = "00_Foundation", "00_Foundation\00_Foundation.vcxproj", "{30960D57-0983-50E3-8847-AA3E9961FA22}"
EndProject
Project("{BC8A1FFA-BEE3-4634-8014-F334798102B3}") = "01_MathVocabulary", "01_MathVocabulary\01_MathVocabulary.vcxproj", "{AB78D594-17A3-59DC-AF84-F232BC31C612}"
EndProject
Project("{BC8A1FFA-BEE3-4634-8014-F334798102B3}") = "02_SemanticModel", "02_SemanticModel\02_SemanticModel.vcxproj", "{B85D0D5C-95BF-5BD9-814B-E6514E5F4854}"
EndProject
Project("{BC8A1FFA-BEE3-4634-8014-F334798102B3}") = "03_SemanticBuilder", "03_SemanticBuilder\03_SemanticBuilder.vcxproj", "{35E43ED1-2596-5CF1-87CA-5ECD4E862494}"
EndProject
Project("{BC8A1FFA-BEE3-4634-8014-F334798102B3}") = "04_SemanticAnalysis", "04_SemanticAnalysis\04_SemanticAnalysis.vcxproj", "{1E31BE06-36FB-5CB2-BA93-874DF5C11E11}"
EndProject
Project("{BC8A1FFA-BEE3-4634-8014-F334798102B3}") = "05_TargetContract", "05_TargetContract\05_TargetContract.vcxproj", "{44226517-5A8B-5C6C-AF75-17B28C1FC74A}"
EndProject
Project("{BC8A1FFA-BEE3-4634-8014-F334798102B3}") = "05A_CompilationInput", "05A_CompilationInput\05A_CompilationInput.vcxproj", "{01CBF19A-1B1A-5608-99EE-B934AEA162B2}"
EndProject
Project("{BC8A1FFA-BEE3-4634-8014-F334798102B3}") = "06_ExecutionPlanModel", "06_ExecutionPlanModel\06_ExecutionPlanModel.vcxproj", "{C33D1098-67D0-5E8E-A2E6-2EEFB91CB59C}"
EndProject
Project("{BC8A1FFA-BEE3-4634-8014-F334798102B3}") = "07_ExecutionPlanVerifier", "07_ExecutionPlanVerifier\07_ExecutionPlanVerifier.vcxproj", "{189A956E-7938-52D4-8E97-496D0F4748FE}"
EndProject
Project("{BC8A1FFA-BEE3-4634-8014-F334798102B3}") = "08_CandidatePlanner", "08_CandidatePlanner\08_CandidatePlanner.vcxproj", "{71C9CB73-B15C-5F1D-BBB1-F4C6EB0833A4}"
EndProject
Project("{BC8A1FFA-BEE3-4634-8014-F334798102B3}") = "09_FrozenPackageCore", "09_FrozenPackageCore\09_FrozenPackageCore.vcxproj", "{BD0B0FE4-8C5A-5A01-99B1-1794D98C856E}"
EndProject
Project("{BC8A1FFA-BEE3-4634-8014-F334798102B3}") = "10_D3D12PackageSchema", "10_D3D12PackageSchema\10_D3D12PackageSchema.vcxproj", "{56E9406C-8240-5BED-B98F-E06585E75D91}"
EndProject
Project("{BC8A1FFA-BEE3-4634-8014-F334798102B3}") = "11_D3D12PackageLowering", "11_D3D12PackageLowering\11_D3D12PackageLowering.vcxproj", "{F4BF6409-1F32-5436-9697-B40B7AC1273A}"
EndProject
Project("{BC8A1FFA-BEE3-4634-8014-F334798102B3}") = "12_SGE4Compiler", "12_SGE4Compiler\12_SGE4Compiler.vcxproj", "{805CF0F6-502E-5A0C-A7FC-E75B6D104DDD}"
EndProject
Project("{BC8A1FFA-BEE3-4634-8014-F334798102B3}") = "13_PackageRuntime", "13_PackageRuntime\13_PackageRuntime.vcxproj", "{BCB1F7AF-18A6-5240-82F3-4FABE3C06574}"
EndProject
Project("{BC8A1FFA-BEE3-4634-8014-F334798102B3}") = "14_D3D12Backend", "14_D3D12Backend\14_D3D12Backend.vcxproj", "{E3328CA6-2287-5DB7-BFBC-0F505B7FBBD0}"
EndProject
Project("{BC8A1FFA-BEE3-4634-8014-F334798102B3}") = "15_PlatformWin32", "15_PlatformWin32\15_PlatformWin32.vcxproj", "{EF8D7E7E-D8FE-54F2-9A57-E8B9C76A5593}"
EndProject
Project("{BC8A1FFA-BEE3-4634-8014-F334798102B3}") = "16_FrozenCompositionArtifact", "16_FrozenCompositionArtifact\16_FrozenCompositionArtifact.vcxproj", "{5F3E9721-76E2-5059-9BB5-228716058B00}"
EndProject
Project("{BC8A1FFA-BEE3-4634-8014-F334798102B3}") = "17_CompositionContract", "17_CompositionContract\17_CompositionContract.vcxproj", "{3F7C36B7-C05E-5747-80CF-4371464FF3DF}"
EndProject
Project("{BC8A1FFA-BEE3-4634-8014-F334798102B3}") = "18_CompositionPlan", "18_CompositionPlan\18_CompositionPlan.vcxproj", "{5AFD046F-EF35-5C96-95FF-3A47221E93D2}"
EndProject
Project("{BC8A1FFA-BEE3-4634-8014-F334798102B3}") = "19_CompositionVerifier", "19_CompositionVerifier\19_CompositionVerifier.vcxproj", "{5044ED9B-6489-5B39-851B-9C4B77F111D7}"
EndProject
Project("{BC8A1FFA-BEE3-4634-8014-F334798102B3}") = "20_CompositionDeviceDomain", "20_CompositionDeviceDomain\20_CompositionDeviceDomain.vcxproj", "{A310A04B-9FA7-4A4A-8DA5-000000000020}"
EndProject
Project("{BC8A1FFA-BEE3-4634-8014-F334798102B3}") = "21_CompositionSharedResources", "21_CompositionSharedResources\21_CompositionSharedResources.vcxproj", "{A310A04B-9FA7-4A4A-8DA5-000000000021}"
EndProject
Project("{BC8A1FFA-BEE3-4634-8014-F334798102B3}") = "22_CompositionRuntime", "22_CompositionRuntime\22_CompositionRuntime.vcxproj", "{A310A04B-9FA7-4A4A-8DA5-000000000022}"
EndProject
Project("{BC8A1FFA-BEE3-4634-8014-F334798102B3}") = "23_CompositionRecovery", "23_CompositionRecovery\23_CompositionRecovery.vcxproj", "{A310A04B-9FA7-4A4A-8DA5-000000000023}"
EndProject
Project("{BC8A1FFA-BEE3-4634-8014-F334798102B3}") = "20_ExperimentDomain", "20_ExperimentDomain\20_ExperimentDomain.vcxproj", "{4611B9AB-C7DA-54E9-9169-B12EF9AF01B4}"
EndProject
Project("{BC8A1FFA-BEE3-4634-8014-F334798102B3}") = "21_ClassicalFrontend", "21_ClassicalFrontend\21_ClassicalFrontend.vcxproj", "{2B81B5B9-F8A5-5ADC-8E6D-73EDB15AFCFC}"
EndProject
Project("{BC8A1FFA-BEE3-4634-8014-F334798102B3}") = "22_SdfFrontend", "22_SdfFrontend\22_SdfFrontend.vcxproj", "{E32BE246-A539-56A5-9398-CE50E61874EE}"
EndProject
Project("{BC8A1FFA-BEE3-4634-8014-F334798102B3}") = "23_PgaFrontend", "23_PgaFrontend\23_PgaFrontend.vcxproj", "{286BB572-8132-554C-9041-5A32AFA75375}"
EndProject
Project("{BC8A1FFA-BEE3-4634-8014-F334798102B3}") = "24_SliceScenarios", "24_SliceScenarios\24_SliceScenarios.vcxproj", "{3A1E1989-33A3-586C-ADCC-3CD88EBA4365}"
EndProject
Project("{BC8A1FFA-BEE3-4634-8014-F334798102B3}") = "25_GeneralGraphScenarios", "25_GeneralGraphScenarios\25_GeneralGraphScenarios.vcxproj", "{7AFFB3B8-BDF9-5CC4-A73D-9D93083B0CDF}"
EndProject
Project("{BC8A1FFA-BEE3-4634-8014-F334798102B3}") = "26_GeneratedGraphCorpus", "26_GeneratedGraphCorpus\26_GeneratedGraphCorpus.vcxproj", "{C2F19866-7F02-5251-AB89-6C6CE7A7A4B0}"
EndProject
Project("{BC8A1FFA-BEE3-4634-8014-F334798102B3}") = "27_RuntimeScenarios", "27_RuntimeScenarios\27_RuntimeScenarios.vcxproj", "{FC0C156B-956B-5A05-B0ED-23B78B892735}"
EndProject
Project("{BC8A1FFA-BEE3-4634-8014-F334798102B3}") = "28_SGE3CompatibilityOracle", "28_SGE3CompatibilityOracle\28_SGE3CompatibilityOracle.vcxproj", "{BF765DCD-2802-5EE5-880B-6490855DDEB4}"
EndProject
Project("{BC8A1FFA-BEE3-4634-8014-F334798102B3}") = "30_SemanticContractTests", "30_SemanticContractTests\30_SemanticContractTests.vcxproj", "{89043E7B-24BD-55AA-9040-5602F4A26912}"
EndProject
Project("{BC8A1FFA-BEE3-4634-8014-F334798102B3}") = "31_PackageContractTests", "31_PackageContractTests\31_PackageContractTests.vcxproj", "{FEF5D016-B33E-58BE-A86B-902EF5B90DEB}"
EndProject
Project("{BC8A1FFA-BEE3-4634-8014-F334798102B3}") = "32_CompilerPipelineTests", "32_CompilerPipelineTests\32_CompilerPipelineTests.vcxproj", "{063800E5-AB09-5EB6-93F4-7F4A55EE5A37}"
EndProject
Project("{BC8A1FFA-BEE3-4634-8014-F334798102B3}") = "33_PlanningTests", "33_PlanningTests\33_PlanningTests.vcxproj", "{4FB3BD84-37AC-559B-A6BD-3AA055003498}"
EndProject
Project("{BC8A1FFA-BEE3-4634-8014-F334798102B3}") = "34_AuthorityTests", "34_AuthorityTests\34_AuthorityTests.vcxproj", "{C538CD29-14F5-5971-ADAC-DE6277592369}"
EndProject
Project("{BC8A1FFA-BEE3-4634-8014-F334798102B3}") = "35_D3D12ConformanceTests", "35_D3D12ConformanceTests\35_D3D12ConformanceTests.vcxproj", "{E1EFED60-85DB-50A2-84B7-99C30CCE4E25}"
EndProject
Project("{BC8A1FFA-BEE3-4634-8014-F334798102B3}") = "36_D3D12ReadbackTests", "36_D3D12ReadbackTests\36_D3D12ReadbackTests.vcxproj", "{075249B2-F254-5A68-8C0D-6108B4C158F4}"
EndProject
Project("{BC8A1FFA-BEE3-4634-8014-F334798102B3}") = "37_RuntimeSemanticTests", "37_RuntimeSemanticTests\37_RuntimeSemanticTests.vcxproj", "{76C999C3-B53F-56CA-9F10-68CC9F8FCD87}"
EndProject
Project("{BC8A1FFA-BEE3-4634-8014-F334798102B3}") = "38_AdversarialBoundaryTests", "38_AdversarialBoundaryTests\38_AdversarialBoundaryTests.vcxproj", "{967A2DA4-76A1-5574-91B4-69C35320446D}"
EndProject
Project("{BC8A1FFA-BEE3-4634-8014-F334798102B3}") = "39_FrontendEquivalenceTests", "39_FrontendEquivalenceTests\39_FrontendEquivalenceTests.vcxproj", "{64FBD5BC-41D1-5FFB-8F79-20312F651769}"
EndProject
Project("{BC8A1FFA-BEE3-4634-8014-F334798102B3}") = "40_SliceScenarioTests", "40_SliceScenarioTests\40_SliceScenarioTests.vcxproj", "{72B3F4F4-3520-5807-AD21-019A02672E95}"
EndProject
Project("{BC8A1FFA-BEE3-4634-8014-F334798102B3}") = "41_SliceExecutionTests", "41_SliceExecutionTests\41_SliceExecutionTests.vcxproj", "{99FAF5C8-CED3-5ACC-9F21-67C938AD623E}"
EndProject
Project("{BC8A1FFA-BEE3-4634-8014-F334798102B3}") = "42_MetamorphicTests", "42_MetamorphicTests\42_MetamorphicTests.vcxproj", "{F6181843-3292-5068-A15E-A111FF29D06E}"
EndProject
Project("{BC8A1FFA-BEE3-4634-8014-F334798102B3}") = "43_GeneratedGraphTests", "43_GeneratedGraphTests\43_GeneratedGraphTests.vcxproj", "{8A5F6B78-A376-51CF-A82B-F995D833922D}"
EndProject
Project("{BC8A1FFA-BEE3-4634-8014-F334798102B3}") = "44_CanonicalFreezeTests", "44_CanonicalFreezeTests\44_CanonicalFreezeTests.vcxproj", "{763B0D29-0438-53D5-8A6B-53C79D86D346}"
EndProject
Project("{BC8A1FFA-BEE3-4634-8014-F334798102B3}") = "45_PlannedRuntimeTests", "45_PlannedRuntimeTests\45_PlannedRuntimeTests.vcxproj", "{11EB6339-9397-53D2-8535-B5EBFE525020}"
EndProject
Project("{BC8A1FFA-BEE3-4634-8014-F334798102B3}") = "46_CanonicalCompositionArtifactTests", "46_CanonicalCompositionArtifactTests\46_CanonicalCompositionArtifactTests.vcxproj", "{BC9E7704-F1A4-5990-AFF1-E02526BD8E34}"
EndProject
Project("{BC8A1FFA-BEE3-4634-8014-F334798102B3}") = "47_CanonicalCompositionAuthorityTests", "47_CanonicalCompositionAuthorityTests\47_CanonicalCompositionAuthorityTests.vcxproj", "{BCEDB486-F240-59F3-ABD8-1B07D24AE13C}"
EndProject
Project("{BC8A1FFA-BEE3-4634-8014-F334798102B3}") = "48_CanonicalCompositionRuntimeTests", "48_CanonicalCompositionRuntimeTests\48_CanonicalCompositionRuntimeTests.vcxproj", "{A310A04B-9FA7-4A4A-8DA5-000000000048}"
EndProject
Project("{BC8A1FFA-BEE3-4634-8014-F334798102B3}") = "49_CanonicalCompositionRecoveryTests", "49_CanonicalCompositionRecoveryTests\49_CanonicalCompositionRecoveryTests.vcxproj", "{A310A04B-9FA7-4A4A-8DA5-000000000049}"
EndProject
Project("{BC8A1FFA-BEE3-4634-8014-F334798102B3}") = "49A_CanonicalLevel4v1FreezeTests", "49A_CanonicalLevel4v1FreezeTests\49A_CanonicalLevel4v1FreezeTests.vcxproj", "{A310A04B-9FA7-4A4A-8DA5-00000000004A}"
EndProject
Project("{BC8A1FFA-BEE3-4634-8014-F334798102B3}") = "50_Launcher", "50_Launcher\50_Launcher.vcxproj", "{8F1A7AAE-F969-5DE1-AF02-F47BD5721019}"
EndProject
Project("{BC8A1FFA-BEE3-4634-8014-F334798102B3}") = "51_PackageCompiler", "51_PackageCompiler\51_PackageCompiler.vcxproj", "{9714A9F2-9002-52A3-B1F0-376D2D82D4FD}"
EndProject
Global
	GlobalSection(SolutionConfigurationPlatforms) = preSolution
		Debug|x64 = Debug|x64
		Release|x64 = Release|x64
	EndGlobalSection
	GlobalSection(ProjectConfigurationPlatforms) = postSolution
		{30960D57-0983-50E3-8847-AA3E9961FA22}.Debug|x64.ActiveCfg = Debug|x64
		{30960D57-0983-50E3-8847-AA3E9961FA22}.Debug|x64.Build.0 = Debug|x64
		{30960D57-0983-50E3-8847-AA3E9961FA22}.Release|x64.ActiveCfg = Release|x64
		{30960D57-0983-50E3-8847-AA3E9961FA22}.Release|x64.Build.0 = Release|x64
		{AB78D594-17A3-59DC-AF84-F232BC31C612}.Debug|x64.ActiveCfg = Debug|x64
		{AB78D594-17A3-59DC-AF84-F232BC31C612}.Debug|x64.Build.0 = Debug|x64
		{AB78D594-17A3-59DC-AF84-F232BC31C612}.Release|x64.ActiveCfg = Release|x64
		{AB78D594-17A3-59DC-AF84-F232BC31C612}.Release|x64.Build.0 = Release|x64
		{B85D0D5C-95BF-5BD9-814B-E6514E5F4854}.Debug|x64.ActiveCfg = Debug|x64
		{B85D0D5C-95BF-5BD9-814B-E6514E5F4854}.Debug|x64.Build.0 = Debug|x64
		{B85D0D5C-95BF-5BD9-814B-E6514E5F4854}.Release|x64.ActiveCfg = Release|x64
		{B85D0D5C-95BF-5BD9-814B-E6514E5F4854}.Release|x64.Build.0 = Release|x64
		{35E43ED1-2596-5CF1-87CA-5ECD4E862494}.Debug|x64.ActiveCfg = Debug|x64
		{35E43ED1-2596-5CF1-87CA-5ECD4E862494}.Debug|x64.Build.0 = Debug|x64
		{35E43ED1-2596-5CF1-87CA-5ECD4E862494}.Release|x64.ActiveCfg = Release|x64
		{35E43ED1-2596-5CF1-87CA-5ECD4E862494}.Release|x64.Build.0 = Release|x64
		{1E31BE06-36FB-5CB2-BA93-874DF5C11E11}.Debug|x64.ActiveCfg = Debug|x64
		{1E31BE06-36FB-5CB2-BA93-874DF5C11E11}.Debug|x64.Build.0 = Debug|x64
		{1E31BE06-36FB-5CB2-BA93-874DF5C11E11}.Release|x64.ActiveCfg = Release|x64
		{1E31BE06-36FB-5CB2-BA93-874DF5C11E11}.Release|x64.Build.0 = Release|x64
		{44226517-5A8B-5C6C-AF75-17B28C1FC74A}.Debug|x64.ActiveCfg = Debug|x64
		{44226517-5A8B-5C6C-AF75-17B28C1FC74A}.Debug|x64.Build.0 = Debug|x64
		{44226517-5A8B-5C6C-AF75-17B28C1FC74A}.Release|x64.ActiveCfg = Release|x64
		{44226517-5A8B-5C6C-AF75-17B28C1FC74A}.Release|x64.Build.0 = Release|x64
		{C33D1098-67D0-5E8E-A2E6-2EEFB91CB59C}.Debug|x64.ActiveCfg = Debug|x64
		{C33D1098-67D0-5E8E-A2E6-2EEFB91CB59C}.Debug|x64.Build.0 = Debug|x64
		{C33D1098-67D0-5E8E-A2E6-2EEFB91CB59C}.Release|x64.ActiveCfg = Release|x64
		{C33D1098-67D0-5E8E-A2E6-2EEFB91CB59C}.Release|x64.Build.0 = Release|x64
		{189A956E-7938-52D4-8E97-496D0F4748FE}.Debug|x64.ActiveCfg = Debug|x64
		{189A956E-7938-52D4-8E97-496D0F4748FE}.Debug|x64.Build.0 = Debug|x64
		{189A956E-7938-52D4-8E97-496D0F4748FE}.Release|x64.ActiveCfg = Release|x64
		{189A956E-7938-52D4-8E97-496D0F4748FE}.Release|x64.Build.0 = Release|x64
		{71C9CB73-B15C-5F1D-BBB1-F4C6EB0833A4}.Debug|x64.ActiveCfg = Debug|x64
		{71C9CB73-B15C-5F1D-BBB1-F4C6EB0833A4}.Debug|x64.Build.0 = Debug|x64
		{71C9CB73-B15C-5F1D-BBB1-F4C6EB0833A4}.Release|x64.ActiveCfg = Release|x64
		{71C9CB73-B15C-5F1D-BBB1-F4C6EB0833A4}.Release|x64.Build.0 = Release|x64
		{BD0B0FE4-8C5A-5A01-99B1-1794D98C856E}.Debug|x64.ActiveCfg = Debug|x64
		{BD0B0FE4-8C5A-5A01-99B1-1794D98C856E}.Debug|x64.Build.0 = Debug|x64
		{BD0B0FE4-8C5A-5A01-99B1-1794D98C856E}.Release|x64.ActiveCfg = Release|x64
		{BD0B0FE4-8C5A-5A01-99B1-1794D98C856E}.Release|x64.Build.0 = Release|x64
		{56E9406C-8240-5BED-B98F-E06585E75D91}.Debug|x64.ActiveCfg = Debug|x64
		{56E9406C-8240-5BED-B98F-E06585E75D91}.Debug|x64.Build.0 = Debug|x64
		{56E9406C-8240-5BED-B98F-E06585E75D91}.Release|x64.ActiveCfg = Release|x64
		{56E9406C-8240-5BED-B98F-E06585E75D91}.Release|x64.Build.0 = Release|x64
		{F4BF6409-1F32-5436-9697-B40B7AC1273A}.Debug|x64.ActiveCfg = Debug|x64
		{F4BF6409-1F32-5436-9697-B40B7AC1273A}.Debug|x64.Build.0 = Debug|x64
		{F4BF6409-1F32-5436-9697-B40B7AC1273A}.Release|x64.ActiveCfg = Release|x64
		{F4BF6409-1F32-5436-9697-B40B7AC1273A}.Release|x64.Build.0 = Release|x64
		{805CF0F6-502E-5A0C-A7FC-E75B6D104DDD}.Debug|x64.ActiveCfg = Debug|x64
		{805CF0F6-502E-5A0C-A7FC-E75B6D104DDD}.Debug|x64.Build.0 = Debug|x64
		{805CF0F6-502E-5A0C-A7FC-E75B6D104DDD}.Release|x64.ActiveCfg = Release|x64
		{805CF0F6-502E-5A0C-A7FC-E75B6D104DDD}.Release|x64.Build.0 = Release|x64
		{BCB1F7AF-18A6-5240-82F3-4FABE3C06574}.Debug|x64.ActiveCfg = Debug|x64
		{BCB1F7AF-18A6-5240-82F3-4FABE3C06574}.Debug|x64.Build.0 = Debug|x64
		{BCB1F7AF-18A6-5240-82F3-4FABE3C06574}.Release|x64.ActiveCfg = Release|x64
		{BCB1F7AF-18A6-5240-82F3-4FABE3C06574}.Release|x64.Build.0 = Release|x64
		{E3328CA6-2287-5DB7-BFBC-0F505B7FBBD0}.Debug|x64.ActiveCfg = Debug|x64
		{E3328CA6-2287-5DB7-BFBC-0F505B7FBBD0}.Debug|x64.Build.0 = Debug|x64
		{E3328CA6-2287-5DB7-BFBC-0F505B7FBBD0}.Release|x64.ActiveCfg = Release|x64
		{E3328CA6-2287-5DB7-BFBC-0F505B7FBBD0}.Release|x64.Build.0 = Release|x64
		{EF8D7E7E-D8FE-54F2-9A57-E8B9C76A5593}.Debug|x64.ActiveCfg = Debug|x64
		{EF8D7E7E-D8FE-54F2-9A57-E8B9C76A5593}.Debug|x64.Build.0 = Debug|x64
		{EF8D7E7E-D8FE-54F2-9A57-E8B9C76A5593}.Release|x64.ActiveCfg = Release|x64
		{EF8D7E7E-D8FE-54F2-9A57-E8B9C76A5593}.Release|x64.Build.0 = Release|x64
		{4611B9AB-C7DA-54E9-9169-B12EF9AF01B4}.Debug|x64.ActiveCfg = Debug|x64
		{4611B9AB-C7DA-54E9-9169-B12EF9AF01B4}.Debug|x64.Build.0 = Debug|x64
		{4611B9AB-C7DA-54E9-9169-B12EF9AF01B4}.Release|x64.ActiveCfg = Release|x64
		{4611B9AB-C7DA-54E9-9169-B12EF9AF01B4}.Release|x64.Build.0 = Release|x64
		{2B81B5B9-F8A5-5ADC-8E6D-73EDB15AFCFC}.Debug|x64.ActiveCfg = Debug|x64
		{2B81B5B9-F8A5-5ADC-8E6D-73EDB15AFCFC}.Debug|x64.Build.0 = Debug|x64
		{2B81B5B9-F8A5-5ADC-8E6D-73EDB15AFCFC}.Release|x64.ActiveCfg = Release|x64
		{2B81B5B9-F8A5-5ADC-8E6D-73EDB15AFCFC}.Release|x64.Build.0 = Release|x64
		{E32BE246-A539-56A5-9398-CE50E61874EE}.Debug|x64.ActiveCfg = Debug|x64
		{E32BE246-A539-56A5-9398-CE50E61874EE}.Debug|x64.Build.0 = Debug|x64
		{E32BE246-A539-56A5-9398-CE50E61874EE}.Release|x64.ActiveCfg = Release|x64
		{E32BE246-A539-56A5-9398-CE50E61874EE}.Release|x64.Build.0 = Release|x64
		{286BB572-8132-554C-9041-5A32AFA75375}.Debug|x64.ActiveCfg = Debug|x64
		{286BB572-8132-554C-9041-5A32AFA75375}.Debug|x64.Build.0 = Debug|x64
		{286BB572-8132-554C-9041-5A32AFA75375}.Release|x64.ActiveCfg = Release|x64
		{286BB572-8132-554C-9041-5A32AFA75375}.Release|x64.Build.0 = Release|x64
		{3A1E1989-33A3-586C-ADCC-3CD88EBA4365}.Debug|x64.ActiveCfg = Debug|x64
		{3A1E1989-33A3-586C-ADCC-3CD88EBA4365}.Debug|x64.Build.0 = Debug|x64
		{3A1E1989-33A3-586C-ADCC-3CD88EBA4365}.Release|x64.ActiveCfg = Release|x64
		{3A1E1989-33A3-586C-ADCC-3CD88EBA4365}.Release|x64.Build.0 = Release|x64
		{7AFFB3B8-BDF9-5CC4-A73D-9D93083B0CDF}.Debug|x64.ActiveCfg = Debug|x64
		{7AFFB3B8-BDF9-5CC4-A73D-9D93083B0CDF}.Debug|x64.Build.0 = Debug|x64
		{7AFFB3B8-BDF9-5CC4-A73D-9D93083B0CDF}.Release|x64.ActiveCfg = Release|x64
		{7AFFB3B8-BDF9-5CC4-A73D-9D93083B0CDF}.Release|x64.Build.0 = Release|x64
		{C2F19866-7F02-5251-AB89-6C6CE7A7A4B0}.Debug|x64.ActiveCfg = Debug|x64
		{C2F19866-7F02-5251-AB89-6C6CE7A7A4B0}.Debug|x64.Build.0 = Debug|x64
		{C2F19866-7F02-5251-AB89-6C6CE7A7A4B0}.Release|x64.ActiveCfg = Release|x64
		{C2F19866-7F02-5251-AB89-6C6CE7A7A4B0}.Release|x64.Build.0 = Release|x64
		{FC0C156B-956B-5A05-B0ED-23B78B892735}.Debug|x64.ActiveCfg = Debug|x64
		{FC0C156B-956B-5A05-B0ED-23B78B892735}.Debug|x64.Build.0 = Debug|x64
		{FC0C156B-956B-5A05-B0ED-23B78B892735}.Release|x64.ActiveCfg = Release|x64
		{FC0C156B-956B-5A05-B0ED-23B78B892735}.Release|x64.Build.0 = Release|x64
		{BF765DCD-2802-5EE5-880B-6490855DDEB4}.Debug|x64.ActiveCfg = Debug|x64
		{BF765DCD-2802-5EE5-880B-6490855DDEB4}.Debug|x64.Build.0 = Debug|x64
		{BF765DCD-2802-5EE5-880B-6490855DDEB4}.Release|x64.ActiveCfg = Release|x64
		{BF765DCD-2802-5EE5-880B-6490855DDEB4}.Release|x64.Build.0 = Release|x64
		{89043E7B-24BD-55AA-9040-5602F4A26912}.Debug|x64.ActiveCfg = Debug|x64
		{89043E7B-24BD-55AA-9040-5602F4A26912}.Debug|x64.Build.0 = Debug|x64
		{89043E7B-24BD-55AA-9040-5602F4A26912}.Release|x64.ActiveCfg = Release|x64
		{89043E7B-24BD-55AA-9040-5602F4A26912}.Release|x64.Build.0 = Release|x64
		{FEF5D016-B33E-58BE-A86B-902EF5B90DEB}.Debug|x64.ActiveCfg = Debug|x64
		{FEF5D016-B33E-58BE-A86B-902EF5B90DEB}.Debug|x64.Build.0 = Debug|x64
		{FEF5D016-B33E-58BE-A86B-902EF5B90DEB}.Release|x64.ActiveCfg = Release|x64
		{FEF5D016-B33E-58BE-A86B-902EF5B90DEB}.Release|x64.Build.0 = Release|x64
		{063800E5-AB09-5EB6-93F4-7F4A55EE5A37}.Debug|x64.ActiveCfg = Debug|x64
		{063800E5-AB09-5EB6-93F4-7F4A55EE5A37}.Debug|x64.Build.0 = Debug|x64
		{063800E5-AB09-5EB6-93F4-7F4A55EE5A37}.Release|x64.ActiveCfg = Release|x64
		{063800E5-AB09-5EB6-93F4-7F4A55EE5A37}.Release|x64.Build.0 = Release|x64
		{4FB3BD84-37AC-559B-A6BD-3AA055003498}.Debug|x64.ActiveCfg = Debug|x64
		{4FB3BD84-37AC-559B-A6BD-3AA055003498}.Debug|x64.Build.0 = Debug|x64
		{4FB3BD84-37AC-559B-A6BD-3AA055003498}.Release|x64.ActiveCfg = Release|x64
		{4FB3BD84-37AC-559B-A6BD-3AA055003498}.Release|x64.Build.0 = Release|x64
		{C538CD29-14F5-5971-ADAC-DE6277592369}.Debug|x64.ActiveCfg = Debug|x64
		{C538CD29-14F5-5971-ADAC-DE6277592369}.Debug|x64.Build.0 = Debug|x64
		{C538CD29-14F5-5971-ADAC-DE6277592369}.Release|x64.ActiveCfg = Release|x64
		{C538CD29-14F5-5971-ADAC-DE6277592369}.Release|x64.Build.0 = Release|x64
		{E1EFED60-85DB-50A2-84B7-99C30CCE4E25}.Debug|x64.ActiveCfg = Debug|x64
		{E1EFED60-85DB-50A2-84B7-99C30CCE4E25}.Debug|x64.Build.0 = Debug|x64
		{E1EFED60-85DB-50A2-84B7-99C30CCE4E25}.Release|x64.ActiveCfg = Release|x64
		{E1EFED60-85DB-50A2-84B7-99C30CCE4E25}.Release|x64.Build.0 = Release|x64
		{075249B2-F254-5A68-8C0D-6108B4C158F4}.Debug|x64.ActiveCfg = Debug|x64
		{075249B2-F254-5A68-8C0D-6108B4C158F4}.Debug|x64.Build.0 = Debug|x64
		{075249B2-F254-5A68-8C0D-6108B4C158F4}.Release|x64.ActiveCfg = Release|x64
		{075249B2-F254-5A68-8C0D-6108B4C158F4}.Release|x64.Build.0 = Release|x64
		{76C999C3-B53F-56CA-9F10-68CC9F8FCD87}.Debug|x64.ActiveCfg = Debug|x64
		{76C999C3-B53F-56CA-9F10-68CC9F8FCD87}.Debug|x64.Build.0 = Debug|x64
		{76C999C3-B53F-56CA-9F10-68CC9F8FCD87}.Release|x64.ActiveCfg = Release|x64
		{76C999C3-B53F-56CA-9F10-68CC9F8FCD87}.Release|x64.Build.0 = Release|x64
		{967A2DA4-76A1-5574-91B4-69C35320446D}.Debug|x64.ActiveCfg = Debug|x64
		{967A2DA4-76A1-5574-91B4-69C35320446D}.Debug|x64.Build.0 = Debug|x64
		{967A2DA4-76A1-5574-91B4-69C35320446D}.Release|x64.ActiveCfg = Release|x64
		{967A2DA4-76A1-5574-91B4-69C35320446D}.Release|x64.Build.0 = Release|x64
		{64FBD5BC-41D1-5FFB-8F79-20312F651769}.Debug|x64.ActiveCfg = Debug|x64
		{64FBD5BC-41D1-5FFB-8F79-20312F651769}.Debug|x64.Build.0 = Debug|x64
		{64FBD5BC-41D1-5FFB-8F79-20312F651769}.Release|x64.ActiveCfg = Release|x64
		{64FBD5BC-41D1-5FFB-8F79-20312F651769}.Release|x64.Build.0 = Release|x64
		{72B3F4F4-3520-5807-AD21-019A02672E95}.Debug|x64.ActiveCfg = Debug|x64
		{72B3F4F4-3520-5807-AD21-019A02672E95}.Debug|x64.Build.0 = Debug|x64
		{72B3F4F4-3520-5807-AD21-019A02672E95}.Release|x64.ActiveCfg = Release|x64
		{72B3F4F4-3520-5807-AD21-019A02672E95}.Release|x64.Build.0 = Release|x64
		{99FAF5C8-CED3-5ACC-9F21-67C938AD623E}.Debug|x64.ActiveCfg = Debug|x64
		{99FAF5C8-CED3-5ACC-9F21-67C938AD623E}.Debug|x64.Build.0 = Debug|x64
		{99FAF5C8-CED3-5ACC-9F21-67C938AD623E}.Release|x64.ActiveCfg = Release|x64
		{99FAF5C8-CED3-5ACC-9F21-67C938AD623E}.Release|x64.Build.0 = Release|x64
		{F6181843-3292-5068-A15E-A111FF29D06E}.Debug|x64.ActiveCfg = Debug|x64
		{F6181843-3292-5068-A15E-A111FF29D06E}.Debug|x64.Build.0 = Debug|x64
		{F6181843-3292-5068-A15E-A111FF29D06E}.Release|x64.ActiveCfg = Release|x64
		{F6181843-3292-5068-A15E-A111FF29D06E}.Release|x64.Build.0 = Release|x64
		{8A5F6B78-A376-51CF-A82B-F995D833922D}.Debug|x64.ActiveCfg = Debug|x64
		{8A5F6B78-A376-51CF-A82B-F995D833922D}.Debug|x64.Build.0 = Debug|x64
		{8A5F6B78-A376-51CF-A82B-F995D833922D}.Release|x64.ActiveCfg = Release|x64
		{8A5F6B78-A376-51CF-A82B-F995D833922D}.Release|x64.Build.0 = Release|x64
		{763B0D29-0438-53D5-8A6B-53C79D86D346}.Debug|x64.ActiveCfg = Debug|x64
		{763B0D29-0438-53D5-8A6B-53C79D86D346}.Debug|x64.Build.0 = Debug|x64
		{763B0D29-0438-53D5-8A6B-53C79D86D346}.Release|x64.ActiveCfg = Release|x64
		{763B0D29-0438-53D5-8A6B-53C79D86D346}.Release|x64.Build.0 = Release|x64
		{11EB6339-9397-53D2-8535-B5EBFE525020}.Debug|x64.ActiveCfg = Debug|x64
		{11EB6339-9397-53D2-8535-B5EBFE525020}.Debug|x64.Build.0 = Debug|x64
		{11EB6339-9397-53D2-8535-B5EBFE525020}.Release|x64.ActiveCfg = Release|x64
		{11EB6339-9397-53D2-8535-B5EBFE525020}.Release|x64.Build.0 = Release|x64
		{8F1A7AAE-F969-5DE1-AF02-F47BD5721019}.Debug|x64.ActiveCfg = Debug|x64
		{8F1A7AAE-F969-5DE1-AF02-F47BD5721019}.Debug|x64.Build.0 = Debug|x64
		{8F1A7AAE-F969-5DE1-AF02-F47BD5721019}.Release|x64.ActiveCfg = Release|x64
		{8F1A7AAE-F969-5DE1-AF02-F47BD5721019}.Release|x64.Build.0 = Release|x64
		{9714A9F2-9002-52A3-B1F0-376D2D82D4FD}.Debug|x64.ActiveCfg = Debug|x64
		{9714A9F2-9002-52A3-B1F0-376D2D82D4FD}.Debug|x64.Build.0 = Debug|x64
		{9714A9F2-9002-52A3-B1F0-376D2D82D4FD}.Release|x64.ActiveCfg = Release|x64
		{9714A9F2-9002-52A3-B1F0-376D2D82D4FD}.Release|x64.Build.0 = Release|x64
		{01CBF19A-1B1A-5608-99EE-B934AEA162B2}.Debug|x64.ActiveCfg = Debug|x64
		{01CBF19A-1B1A-5608-99EE-B934AEA162B2}.Debug|x64.Build.0 = Debug|x64
		{01CBF19A-1B1A-5608-99EE-B934AEA162B2}.Release|x64.ActiveCfg = Release|x64
		{01CBF19A-1B1A-5608-99EE-B934AEA162B2}.Release|x64.Build.0 = Release|x64

		{5F3E9721-76E2-5059-9BB5-228716058B00}.Debug|x64.ActiveCfg = Debug|x64
		{5F3E9721-76E2-5059-9BB5-228716058B00}.Debug|x64.Build.0 = Debug|x64
		{5F3E9721-76E2-5059-9BB5-228716058B00}.Release|x64.ActiveCfg = Release|x64
		{5F3E9721-76E2-5059-9BB5-228716058B00}.Release|x64.Build.0 = Release|x64
		{3F7C36B7-C05E-5747-80CF-4371464FF3DF}.Debug|x64.ActiveCfg = Debug|x64
		{3F7C36B7-C05E-5747-80CF-4371464FF3DF}.Debug|x64.Build.0 = Debug|x64
		{3F7C36B7-C05E-5747-80CF-4371464FF3DF}.Release|x64.ActiveCfg = Release|x64
		{3F7C36B7-C05E-5747-80CF-4371464FF3DF}.Release|x64.Build.0 = Release|x64
		{5AFD046F-EF35-5C96-95FF-3A47221E93D2}.Debug|x64.ActiveCfg = Debug|x64
		{5AFD046F-EF35-5C96-95FF-3A47221E93D2}.Debug|x64.Build.0 = Debug|x64
		{5AFD046F-EF35-5C96-95FF-3A47221E93D2}.Release|x64.ActiveCfg = Release|x64
		{5AFD046F-EF35-5C96-95FF-3A47221E93D2}.Release|x64.Build.0 = Release|x64
		{5044ED9B-6489-5B39-851B-9C4B77F111D7}.Debug|x64.ActiveCfg = Debug|x64
		{5044ED9B-6489-5B39-851B-9C4B77F111D7}.Debug|x64.Build.0 = Debug|x64
		{5044ED9B-6489-5B39-851B-9C4B77F111D7}.Release|x64.ActiveCfg = Release|x64
		{5044ED9B-6489-5B39-851B-9C4B77F111D7}.Release|x64.Build.0 = Release|x64
		{BC9E7704-F1A4-5990-AFF1-E02526BD8E34}.Debug|x64.ActiveCfg = Debug|x64
		{BC9E7704-F1A4-5990-AFF1-E02526BD8E34}.Debug|x64.Build.0 = Debug|x64
		{BC9E7704-F1A4-5990-AFF1-E02526BD8E34}.Release|x64.ActiveCfg = Release|x64
		{BC9E7704-F1A4-5990-AFF1-E02526BD8E34}.Release|x64.Build.0 = Release|x64
		{BCEDB486-F240-59F3-ABD8-1B07D24AE13C}.Debug|x64.ActiveCfg = Debug|x64
		{BCEDB486-F240-59F3-ABD8-1B07D24AE13C}.Debug|x64.Build.0 = Debug|x64
		{BCEDB486-F240-59F3-ABD8-1B07D24AE13C}.Release|x64.ActiveCfg = Release|x64
		{BCEDB486-F240-59F3-ABD8-1B07D24AE13C}.Release|x64.Build.0 = Release|x64
		{A310A04B-9FA7-4A4A-8DA5-000000000020}.Debug|x64.ActiveCfg = Debug|x64
		{A310A04B-9FA7-4A4A-8DA5-000000000020}.Debug|x64.Build.0 = Debug|x64
		{A310A04B-9FA7-4A4A-8DA5-000000000020}.Release|x64.ActiveCfg = Release|x64
		{A310A04B-9FA7-4A4A-8DA5-000000000020}.Release|x64.Build.0 = Release|x64
		{A310A04B-9FA7-4A4A-8DA5-000000000021}.Debug|x64.ActiveCfg = Debug|x64
		{A310A04B-9FA7-4A4A-8DA5-000000000021}.Debug|x64.Build.0 = Debug|x64
		{A310A04B-9FA7-4A4A-8DA5-000000000021}.Release|x64.ActiveCfg = Release|x64
		{A310A04B-9FA7-4A4A-8DA5-000000000021}.Release|x64.Build.0 = Release|x64
		{A310A04B-9FA7-4A4A-8DA5-000000000022}.Debug|x64.ActiveCfg = Debug|x64
		{A310A04B-9FA7-4A4A-8DA5-000000000022}.Debug|x64.Build.0 = Debug|x64
		{A310A04B-9FA7-4A4A-8DA5-000000000022}.Release|x64.ActiveCfg = Release|x64
		{A310A04B-9FA7-4A4A-8DA5-000000000022}.Release|x64.Build.0 = Release|x64
		{A310A04B-9FA7-4A4A-8DA5-000000000023}.Debug|x64.ActiveCfg = Debug|x64
		{A310A04B-9FA7-4A4A-8DA5-000000000023}.Debug|x64.Build.0 = Debug|x64
		{A310A04B-9FA7-4A4A-8DA5-000000000023}.Release|x64.ActiveCfg = Release|x64
		{A310A04B-9FA7-4A4A-8DA5-000000000023}.Release|x64.Build.0 = Release|x64
		{A310A04B-9FA7-4A4A-8DA5-000000000048}.Debug|x64.ActiveCfg = Debug|x64
		{A310A04B-9FA7-4A4A-8DA5-000000000048}.Debug|x64.Build.0 = Debug|x64
		{A310A04B-9FA7-4A4A-8DA5-000000000048}.Release|x64.ActiveCfg = Release|x64
		{A310A04B-9FA7-4A4A-8DA5-000000000048}.Release|x64.Build.0 = Release|x64
		{A310A04B-9FA7-4A4A-8DA5-000000000049}.Debug|x64.ActiveCfg = Debug|x64
		{A310A04B-9FA7-4A4A-8DA5-000000000049}.Debug|x64.Build.0 = Debug|x64
		{A310A04B-9FA7-4A4A-8DA5-000000000049}.Release|x64.ActiveCfg = Release|x64
		{A310A04B-9FA7-4A4A-8DA5-000000000049}.Release|x64.Build.0 = Release|x64
		{A310A04B-9FA7-4A4A-8DA5-00000000004A}.Debug|x64.ActiveCfg = Debug|x64
		{A310A04B-9FA7-4A4A-8DA5-00000000004A}.Debug|x64.Build.0 = Debug|x64
		{A310A04B-9FA7-4A4A-8DA5-00000000004A}.Release|x64.ActiveCfg = Release|x64
		{A310A04B-9FA7-4A4A-8DA5-00000000004A}.Release|x64.Build.0 = Release|x64
	EndGlobalSection
	GlobalSection(SolutionProperties) = preSolution
		HideSolutionNode = FALSE
	EndGlobalSection
EndGlobal
